
Microsoft Visual Studio Solution File, Format Version 11.00
# Visual Studio 2010
Project("{FAE04EC0-301F-11D3-BF4B-00C04F79EFBC}") = "abSee", "abSee\abSee.csproj", "{83888A3B-A7BE-446D-8648-4912342314E4}"
EndProject
Global
	GlobalSection(SolutionConfigurationPlatforms) = preSolution
		Debug|Any CPU = Debug|Any CPU
		Release|Any CPU = Release|Any CPU
	EndGlobalSection
	GlobalSection(ProjectConfigurationPlatforms) = postSolution
		{83888A3B-A7BE-446D-8648-4912342314E4}.Debug|Any CPU.ActiveCfg = Debug|Any CPU
		{83888A3B-A7BE-446D-8648-4912342314E4}.Debug|Any CPU.Build.0 = Debug|Any CPU
		{83888A3B-A7BE-446D-8648-4912342314E4}.Release|Any CPU.ActiveCfg = Release|Any CPU
		{83888A3B-A7BE-446D-8648-4912342314E4}.Release|Any CPU.Build.0 = Release|Any CPU
	EndGlobalSection
	GlobalSection(SolutionProperties) = preSolution
		HideSolutionNode = FALSE
	EndGlobalSection
EndGlobal
